Microsoft Visual Studio Solution File, Format Version 12.00
# Visual Studio Version 16
VisualStudioVersion = 16.0.31019.35
MinimumVisualStudioVersion = 10.0.40219.1
Project("{FAE04EC0-301F-11D3-BF4B-00C04F79EFBC}") = "MyNewProject.Android", "App\MyNewProject.Android\MyNewProject.Android.csproj", "{A0394B14-3E67-409F-850C-C63541341B01}"
EndProject
Project("{FAE04EC0-301F-11D3-BF4B-00C04F79EFBC}") = "MyNewProject.iOS", "App\MyNewProject.iOS\MyNewProject.iOS.csproj", "{3A224F40-1524-4A96-AF79-C197E382EF19}"
EndProject
Project("{9A19103F-16F7-4668-BE54-9A1E7A4F7556}") = "MyNewProject", "App\MyNewProject\MyNewProject.csproj", "{9D2E14BC-1FA3-400B-8345-41D8B90334E2}"
EndProject
Project("{9A19103F-16F7-4668-BE54-9A1E7A4F7556}") = "MyNewProject.XUnitTests", "Tests\MyNewProject.XUnitTests\MyNewProject.XUnitTests.csproj", "{E6285AFF-138B-4513-A5FD-93742F7AED62}"
EndProject
Project("{2150E333-8FDC-42A3-9474-1A3956D46DE8}") = "App", "App", "{27826693-7F7E-41EC-8676-42F84C8931D0}"
EndProject
Project("{2150E333-8FDC-42A3-9474-1A3956D46DE8}") = "Core", "Core", "{56A51795-B524-4BA9-AF41-41E4106618C1}"
EndProject
Project("{2150E333-8FDC-42A3-9474-1A3956D46DE8}") = "Tests", "Tests", "{BC1A5396-3A78-44C6-942E-C15D701E031E}"
EndProject
Project("{9A19103F-16F7-4668-BE54-9A1E7A4F7556}") = "MyNewProject.Domain", "Core\MyNewProject.Domain\MyNewProject.Domain.csproj", "{4119B139-9C7A-4049-B86B-E75EFF8B754C}"
EndProject
Project("{9A19103F-16F7-4668-BE54-9A1E7A4F7556}") = "MyNewProject.Data", "Core\MyNewProject.Data\MyNewProject.Data.csproj", "{FFEA01C3-36FF-4E83-A964-316A80C0C2D1}"
EndProject
Project("{9A19103F-16F7-4668-BE54-9A1E7A4F7556}") = "MyNewProject.UseCases", "Core\MyNewProject.UseCases\MyNewProject.UseCases.csproj", "{23DB08E4-5DC7-48C8-B877-1C03900146C8}"
EndProject
Project("{FAE04EC0-301F-11D3-BF4B-00C04F79EFBC}") = "MyNewProject.UWP", "App\MyNewProject.UWP\MyNewProject.UWP.csproj", "{0428D576-2277-456E-95F0-24B3F0FD81BA}"
EndProject
Project("{FAE04EC0-301F-11D3-BF4B-00C04F79EFBC}") = "MyNewProject.Web", "App\MyNewProject.Web\MyNewProject.Web.csproj", "{11863408-629A-426F-B0C1-B90414CFAB9F}"
EndProject
Global
	GlobalSection(SolutionConfigurationPlatforms) = preSolution
		Debug|Any CPU = Debug|Any CPU
		Debug|ARM = Debug|ARM
		Debug|ARM64 = Debug|ARM64
		Debug|iPhone = Debug|iPhone
		Debug|iPhoneSimulator = Debug|iPhoneSimulator
		Debug|x64 = Debug|x64
		Debug|x86 = Debug|x86
		Release|Any CPU = Release|Any CPU
		Release|ARM = Release|ARM
		Release|ARM64 = Release|ARM64
		Release|iPhone = Release|iPhone
		Release|iPhoneSimulator = Release|iPhoneSimulator
		Release|x64 = Release|x64
		Release|x86 = Release|x86
	EndGlobalSection
	GlobalSection(ProjectConfigurationPlatforms) = postSolution
		{A0394B14-3E67-409F-850C-C63541341B01}.Debug|Any CPU.ActiveCfg = Debug|Any CPU
		{A0394B14-3E67-409F-850C-C63541341B01}.Debug|Any CPU.Build.0 = Debug|Any CPU
		{A0394B14-3E67-409F-850C-C63541341B01}.Debug|ARM.ActiveCfg = Debug|Any CPU
		{A0394B14-3E67-409F-850C-C63541341B01}.Debug|ARM.Build.0 = Debug|Any CPU
		{A0394B14-3E67-409F-850C-C63541341B01}.Debug|ARM.Deploy.0 = Debug|Any CPU
		{A0394B14-3E67-409F-850C-C63541341B01}.Debug|ARM64.ActiveCfg = Debug|Any CPU
		{A0394B14-3E67-409F-850C-C63541341B01}.Debug|ARM64.Build.0 = Debug|Any CPU
		{A0394B14-3E67-409F-850C-C63541341B01}.Debug|ARM64.Deploy.0 = Debug|Any CPU
		{A0394B14-3E67-409F-850C-C63541341B01}.Debug|iPhone.ActiveCfg = Debug|Any CPU
		{A0394B14-3E67-409F-850C-C63541341B01}.Debug|iPhone.Build.0 = Debug|Any CPU
		{A0394B14-3E67-409F-850C-C63541341B01}.Debug|iPhoneSimulator.ActiveCfg = Debug|Any CPU
		{A0394B14-3E67-409F-850C-C63541341B01}.Debug|iPhoneSimulator.Build.0 = Debug|Any CPU
		{A0394B14-3E67-409F-850C-C63541341B01}.Debug|x64.ActiveCfg = Debug|Any CPU
		{A0394B14-3E67-409F-850C-C63541341B01}.Debug|x64.Build.0 = Debug|Any CPU
		{A0394B14-3E67-409F-850C-C63541341B01}.Debug|x64.Deploy.0 = Debug|Any CPU
		{A0394B14-3E67-409F-850C-C63541341B01}.Debug|x86.ActiveCfg = Debug|Any CPU
		{A0394B14-3E67-409F-850C-C63541341B01}.Debug|x86.Build.0 = Debug|Any CPU
		{A0394B14-3E67-409F-850C-C63541341B01}.Debug|x86.Deploy.0 = Debug|Any CPU
		{A0394B14-3E67-409F-850C-C63541341B01}.Release|Any CPU.ActiveCfg = Release|Any CPU
		{A0394B14-3E67-409F-850C-C63541341B01}.Release|Any CPU.Build.0 = Release|Any CPU
		{A0394B14-3E67-409F-850C-C63541341B01}.Release|ARM.ActiveCfg = Release|Any CPU
		{A0394B14-3E67-409F-850C-C63541341B01}.Release|ARM.Build.0 = Release|Any CPU
		{A0394B14-3E67-409F-850C-C63541341B01}.Release|ARM.Deploy.0 = Release|Any CPU
		{A0394B14-3E67-409F-850C-C63541341B01}.Release|ARM64.ActiveCfg = Release|Any CPU
		{A0394B14-3E67-409F-850C-C63541341B01}.Release|ARM64.Build.0 = Release|Any CPU
		{A0394B14-3E67-409F-850C-C63541341B01}.Release|ARM64.Deploy.0 = Release|Any CPU
		{A0394B14-3E67-409F-850C-C63541341B01}.Release|iPhone.ActiveCfg = Release|Any CPU
		{A0394B14-3E67-409F-850C-C63541341B01}.Release|iPhone.Build.0 = Release|Any CPU
		{A0394B14-3E67-409F-850C-C63541341B01}.Release|iPhoneSimulator.ActiveCfg = Release|Any CPU
		{A0394B14-3E67-409F-850C-C63541341B01}.Release|iPhoneSimulator.Build.0 = Release|Any CPU
		{A0394B14-3E67-409F-850C-C63541341B01}.Release|x64.ActiveCfg = Release|Any CPU
		{A0394B14-3E67-409F-850C-C63541341B01}.Release|x64.Build.0 = Release|Any CPU
		{A0394B14-3E67-409F-850C-C63541341B01}.Release|x64.Deploy.0 = Release|Any CPU
		{A0394B14-3E67-409F-850C-C63541341B01}.Release|x86.ActiveCfg = Release|Any CPU
		{A0394B14-3E67-409F-850C-C63541341B01}.Release|x86.Build.0 = Release|Any CPU
		{A0394B14-3E67-409F-850C-C63541341B01}.Release|x86.Deploy.0 = Release|Any CPU
		{3A224F40-1524-4A96-AF79-C197E382EF19}.Debug|Any CPU.ActiveCfg = Debug|iPhoneSimulator
		{3A224F40-1524-4A96-AF79-C197E382EF19}.Debug|Any CPU.Build.0 = Debug|iPhoneSimulator
		{3A224F40-1524-4A96-AF79-C197E382EF19}.Debug|ARM.ActiveCfg = Debug|iPhone
		{3A224F40-1524-4A96-AF79-C197E382EF19}.Debug|ARM64.ActiveCfg = Debug|iPhone
		{3A224F40-1524-4A96-AF79-C197E382EF19}.Debug|iPhone.ActiveCfg = Debug|iPhone
		{3A224F40-1524-4A96-AF79-C197E382EF19}.Debug|iPhone.Build.0 = Debug|iPhone
		{3A224F40-1524-4A96-AF79-C197E382EF19}.Debug|iPhoneSimulator.ActiveCfg = Debug|iPhoneSimulator
		{3A224F40-1524-4A96-AF79-C197E382EF19}.Debug|iPhoneSimulator.Build.0 = Debug|iPhoneSimulator
		{3A224F40-1524-4A96-AF79-C197E382EF19}.Debug|x64.ActiveCfg = Debug|iPhone
		{3A224F40-1524-4A96-AF79-C197E382EF19}.Debug|x86.ActiveCfg = Debug|iPhone
		{3A224F40-1524-4A96-AF79-C197E382EF19}.Release|Any CPU.ActiveCfg = Release|iPhoneSimulator
		{3A224F40-1524-4A96-AF79-C197E382EF19}.Release|Any CPU.Build.0 = Release|iPhoneSimulator
		{3A224F40-1524-4A96-AF79-C197E382EF19}.Release|ARM.ActiveCfg = Release|iPhone
		{3A224F40-1524-4A96-AF79-C197E382EF19}.Release|ARM64.ActiveCfg = Release|iPhone
		{3A224F40-1524-4A96-AF79-C197E382EF19}.Release|iPhone.ActiveCfg = Release|iPhone
		{3A224F40-1524-4A96-AF79-C197E382EF19}.Release|iPhone.Build.0 = Release|iPhone
		{3A224F40-1524-4A96-AF79-C197E382EF19}.Release|iPhoneSimulator.ActiveCfg = Release|iPhoneSimulator
		{3A224F40-1524-4A96-AF79-C197E382EF19}.Release|iPhoneSimulator.Build.0 = Release|iPhoneSimulator
		{3A224F40-1524-4A96-AF79-C197E382EF19}.Release|x64.ActiveCfg = Release|iPhone
		{3A224F40-1524-4A96-AF79-C197E382EF19}.Release|x86.ActiveCfg = Release|iPhone
		{9D2E14BC-1FA3-400B-8345-41D8B90334E2}.Debug|Any CPU.ActiveCfg = Debug|Any CPU
		{9D2E14BC-1FA3-400B-8345-41D8B90334E2}.Debug|Any CPU.Build.0 = Debug|Any CPU
		{9D2E14BC-1FA3-400B-8345-41D8B90334E2}.Debug|ARM.ActiveCfg = Debug|Any CPU
		{9D2E14BC-1FA3-400B-8345-41D8B90334E2}.Debug|ARM.Build.0 = Debug|Any CPU
		{9D2E14BC-1FA3-400B-8345-41D8B90334E2}.Debug|ARM64.ActiveCfg = Debug|Any CPU
		{9D2E14BC-1FA3-400B-8345-41D8B90334E2}.Debug|ARM64.Build.0 = Debug|Any CPU
		{9D2E14BC-1FA3-400B-8345-41D8B90334E2}.Debug|iPhone.ActiveCfg = Debug|Any CPU
		{9D2E14BC-1FA3-400B-8345-41D8B90334E2}.Debug|iPhone.Build.0 = Debug|Any CPU
		{9D2E14BC-1FA3-400B-8345-41D8B90334E2}.Debug|iPhoneSimulator.ActiveCfg = Debug|Any CPU
		{9D2E14BC-1FA3-400B-8345-41D8B90334E2}.Debug|iPhoneSimulator.Build.0 = Debug|Any CPU
		{9D2E14BC-1FA3-400B-8345-41D8B90334E2}.Debug|x64.ActiveCfg = Debug|Any CPU
		{9D2E14BC-1FA3-400B-8345-41D8B90334E2}.Debug|x64.Build.0 = Debug|Any CPU
		{9D2E14BC-1FA3-400B-8345-41D8B90334E2}.Debug|x86.ActiveCfg = Debug|Any CPU
		{9D2E14BC-1FA3-400B-8345-41D8B90334E2}.Debug|x86.Build.0 = Debug|Any CPU
		{9D2E14BC-1FA3-400B-8345-41D8B90334E2}.Release|Any CPU.ActiveCfg = Release|Any CPU
		{9D2E14BC-1FA3-400B-8345-41D8B90334E2}.Release|Any CPU.Build.0 = Release|Any CPU
		{9D2E14BC-1FA3-400B-8345-41D8B90334E2}.Release|ARM.ActiveCfg = Release|Any CPU
		{9D2E14BC-1FA3-400B-8345-41D8B90334E2}.Release|ARM.Build.0 = Release|Any CPU
		{9D2E14BC-1FA3-400B-8345-41D8B90334E2}.Release|ARM64.ActiveCfg = Release|Any CPU
		{9D2E14BC-1FA3-400B-8345-41D8B90334E2}.Release|ARM64.Build.0 = Release|Any CPU
		{9D2E14BC-1FA3-400B-8345-41D8B90334E2}.Release|iPhone.ActiveCfg = Release|Any CPU
		{9D2E14BC-1FA3-400B-8345-41D8B90334E2}.Release|iPhone.Build.0 = Release|Any CPU
		{9D2E14BC-1FA3-400B-8345-41D8B90334E2}.Release|iPhoneSimulator.ActiveCfg = Release|Any CPU
		{9D2E14BC-1FA3-400B-8345-41D8B90334E2}.Release|iPhoneSimulator.Build.0 = Release|Any CPU
		{9D2E14BC-1FA3-400B-8345-41D8B90334E2}.Release|x64.ActiveCfg = Release|Any CPU
		{9D2E14BC-1FA3-400B-8345-41D8B90334E2}.Release|x64.Build.0 = Release|Any CPU
		{9D2E14BC-1FA3-400B-8345-41D8B90334E2}.Release|x86.ActiveCfg = Release|Any CPU
		{9D2E14BC-1FA3-400B-8345-41D8B90334E2}.Release|x86.Build.0 = Release|Any CPU
		{E6285AFF-138B-4513-A5FD-93742F7AED62}.Debug|Any CPU.ActiveCfg = Debug|Any CPU
		{E6285AFF-138B-4513-A5FD-93742F7AED62}.Debug|Any CPU.Build.0 = Debug|Any CPU
		{E6285AFF-138B-4513-A5FD-93742F7AED62}.Debug|ARM.ActiveCfg = Debug|Any CPU
		{E6285AFF-138B-4513-A5FD-93742F7AED62}.Debug|ARM.Build.0 = Debug|Any CPU
		{E6285AFF-138B-4513-A5FD-93742F7AED62}.Debug|ARM64.ActiveCfg = Debug|Any CPU
		{E6285AFF-138B-4513-A5FD-93742F7AED62}.Debug|ARM64.Build.0 = Debug|Any CPU
		{E6285AFF-138B-4513-A5FD-93742F7AED62}.Debug|iPhone.ActiveCfg = Debug|Any CPU
		{E6285AFF-138B-4513-A5FD-93742F7AED62}.Debug|iPhone.Build.0 = Debug|Any CPU
		{E6285AFF-138B-4513-A5FD-93742F7AED62}.Debug|iPhoneSimulator.ActiveCfg = Debug|Any CPU
		{E6285AFF-138B-4513-A5FD-93742F7AED62}.Debug|iPhoneSimulator.Build.0 = Debug|Any CPU
		{E6285AFF-138B-4513-A5FD-93742F7AED62}.Debug|x64.ActiveCfg = Debug|Any CPU
		{E6285AFF-138B-4513-A5FD-93742F7AED62}.Debug|x64.Build.0 = Debug|Any CPU
		{E6285AFF-138B-4513-A5FD-93742F7AED62}.Debug|x86.ActiveCfg = Debug|Any CPU
		{E6285AFF-138B-4513-A5FD-93742F7AED62}.Debug|x86.Build.0 = Debug|Any CPU
		{E6285AFF-138B-4513-A5FD-93742F7AED62}.Release|Any CPU.ActiveCfg = Release|Any CPU
		{E6285AFF-138B-4513-A5FD-93742F7AED62}.Release|Any CPU.Build.0 = Release|Any CPU
		{E6285AFF-138B-4513-A5FD-93742F7AED62}.Release|ARM.ActiveCfg = Release|Any CPU
		{E6285AFF-138B-4513-A5FD-93742F7AED62}.Release|ARM.Build.0 = Release|Any CPU
		{E6285AFF-138B-4513-A5FD-93742F7AED62}.Release|ARM64.ActiveCfg = Release|Any CPU
		{E6285AFF-138B-4513-A5FD-93742F7AED62}.Release|ARM64.Build.0 = Release|Any CPU
		{E6285AFF-138B-4513-A5FD-93742F7AED62}.Release|iPhone.ActiveCfg = Release|Any CPU
		{E6285AFF-138B-4513-A5FD-93742F7AED62}.Release|iPhone.Build.0 = Release|Any CPU
		{E6285AFF-138B-4513-A5FD-93742F7AED62}.Release|iPhoneSimulator.ActiveCfg = Release|Any CPU
		{E6285AFF-138B-4513-A5FD-93742F7AED62}.Release|iPhoneSimulator.Build.0 = Release|Any CPU
		{E6285AFF-138B-4513-A5FD-93742F7AED62}.Release|x64.ActiveCfg = Release|Any CPU
		{E6285AFF-138B-4513-A5FD-93742F7AED62}.Release|x64.Build.0 = Release|Any CPU
		{E6285AFF-138B-4513-A5FD-93742F7AED62}.Release|x86.ActiveCfg = Release|Any CPU
		{E6285AFF-138B-4513-A5FD-93742F7AED62}.Release|x86.Build.0 = Release|Any CPU
		{4119B139-9C7A-4049-B86B-E75EFF8B754C}.Debug|Any CPU.ActiveCfg = Debug|Any CPU
		{4119B139-9C7A-4049-B86B-E75EFF8B754C}.Debug|Any CPU.Build.0 = Debug|Any CPU
		{4119B139-9C7A-4049-B86B-E75EFF8B754C}.Debug|ARM.ActiveCfg = Debug|Any CPU
		{4119B139-9C7A-4049-B86B-E75EFF8B754C}.Debug|ARM.Build.0 = Debug|Any CPU
		{4119B139-9C7A-4049-B86B-E75EFF8B754C}.Debug|ARM64.ActiveCfg = Debug|Any CPU
		{4119B139-9C7A-4049-B86B-E75EFF8B754C}.Debug|ARM64.Build.0 = Debug|Any CPU
		{4119B139-9C7A-4049-B86B-E75EFF8B754C}.Debug|iPhone.ActiveCfg = Debug|Any CPU
		{4119B139-9C7A-4049-B86B-E75EFF8B754C}.Debug|iPhone.Build.0 = Debug|Any CPU
		{4119B139-9C7A-4049-B86B-E75EFF8B754C}.Debug|iPhoneSimulator.ActiveCfg = Debug|Any CPU
		{4119B139-9C7A-4049-B86B-E75EFF8B754C}.Debug|iPhoneSimulator.Build.0 = Debug|Any CPU
		{4119B139-9C7A-4049-B86B-E75EFF8B754C}.Debug|x64.ActiveCfg = Debug|Any CPU
		{4119B139-9C7A-4049-B86B-E75EFF8B754C}.Debug|x64.Build.0 = Debug|Any CPU
		{4119B139-9C7A-4049-B86B-E75EFF8B754C}.Debug|x86.ActiveCfg = Debug|Any CPU
		{4119B139-9C7A-4049-B86B-E75EFF8B754C}.Debug|x86.Build.0 = Debug|Any CPU
		{4119B139-9C7A-4049-B86B-E75EFF8B754C}.Release|Any CPU.ActiveCfg = Release|Any CPU
		{4119B139-9C7A-4049-B86B-E75EFF8B754C}.Release|Any CPU.Build.0 = Release|Any CPU
		{4119B139-9C7A-4049-B86B-E75EFF8B754C}.Release|ARM.ActiveCfg = Release|Any CPU
		{4119B139-9C7A-4049-B86B-E75EFF8B754C}.Release|ARM.Build.0 = Release|Any CPU
		{4119B139-9C7A-4049-B86B-E75EFF8B754C}.Release|ARM64.ActiveCfg = Release|Any CPU
		{4119B139-9C7A-4049-B86B-E75EFF8B754C}.Release|ARM64.Build.0 = Release|Any CPU
		{4119B139-9C7A-4049-B86B-E75EFF8B754C}.Release|iPhone.ActiveCfg = Release|Any CPU
		{4119B139-9C7A-4049-B86B-E75EFF8B754C}.Release|iPhone.Build.0 = Release|Any CPU
		{4119B139-9C7A-4049-B86B-E75EFF8B754C}.Release|iPhoneSimulator.ActiveCfg = Release|Any CPU
		{4119B139-9C7A-4049-B86B-E75EFF8B754C}.Release|iPhoneSimulator.Build.0 = Release|Any CPU
		{4119B139-9C7A-4049-B86B-E75EFF8B754C}.Release|x64.ActiveCfg = Release|Any CPU
		{4119B139-9C7A-4049-B86B-E75EFF8B754C}.Release|x64.Build.0 = Release|Any CPU
		{4119B139-9C7A-4049-B86B-E75EFF8B754C}.Release|x86.ActiveCfg = Release|Any CPU
		{4119B139-9C7A-4049-B86B-E75EFF8B754C}.Release|x86.Build.0 = Release|Any CPU
		{FFEA01C3-36FF-4E83-A964-316A80C0C2D1}.Debug|Any CPU.ActiveCfg = Debug|Any CPU
		{FFEA01C3-36FF-4E83-A964-316A80C0C2D1}.Debug|Any CPU.Build.0 = Debug|Any CPU
		{FFEA01C3-36FF-4E83-A964-316A80C0C2D1}.Debug|ARM.ActiveCfg = Debug|Any CPU
		{FFEA01C3-36FF-4E83-A964-316A80C0C2D1}.Debug|ARM.Build.0 = Debug|Any CPU
		{FFEA01C3-36FF-4E83-A964-316A80C0C2D1}.Debug|ARM64.ActiveCfg = Debug|Any CPU
		{FFEA01C3-36FF-4E83-A964-316A80C0C2D1}.Debug|ARM64.Build.0 = Debug|Any CPU
		{FFEA01C3-36FF-4E83-A964-316A80C0C2D1}.Debug|iPhone.ActiveCfg = Debug|Any CPU
		{FFEA01C3-36FF-4E83-A964-316A80C0C2D1}.Debug|iPhone.Build.0 = Debug|Any CPU
		{FFEA01C3-36FF-4E83-A964-316A80C0C2D1}.Debug|iPhoneSimulator.ActiveCfg = Debug|Any CPU
		{FFEA01C3-36FF-4E83-A964-316A80C0C2D1}.Debug|iPhoneSimulator.Build.0 = Debug|Any CPU
		{FFEA01C3-36FF-4E83-A964-316A80C0C2D1}.Debug|x64.ActiveCfg = Debug|Any CPU
		{FFEA01C3-36FF-4E83-A964-316A80C0C2D1}.Debug|x64.Build.0 = Debug|Any CPU
		{FFEA01C3-36FF-4E83-A964-316A80C0C2D1}.Debug|x86.ActiveCfg = Debug|Any CPU
		{FFEA01C3-36FF-4E83-A964-316A80C0C2D1}.Debug|x86.Build.0 = Debug|Any CPU
		{FFEA01C3-36FF-4E83-A964-316A80C0C2D1}.Release|Any CPU.ActiveCfg = Release|Any CPU
		{FFEA01C3-36FF-4E83-A964-316A80C0C2D1}.Release|Any CPU.Build.0 = Release|Any CPU
		{FFEA01C3-36FF-4E83-A964-316A80C0C2D1}.Release|ARM.ActiveCfg = Release|Any CPU
		{FFEA01C3-36FF-4E83-A964-316A80C0C2D1}.Release|ARM.Build.0 = Release|Any CPU
		{FFEA01C3-36FF-4E83-A964-316A80C0C2D1}.Release|ARM64.ActiveCfg = Release|Any CPU
		{FFEA01C3-36FF-4E83-A964-316A80C0C2D1}.Release|ARM64.Build.0 = Release|Any CPU
		{FFEA01C3-36FF-4E83-A964-316A80C0C2D1}.Release|iPhone.ActiveCfg = Release|Any CPU
		{FFEA01C3-36FF-4E83-A964-316A80C0C2D1}.Release|iPhone.Build.0 = Release|Any CPU
		{FFEA01C3-36FF-4E83-A964-316A80C0C2D1}.Release|iPhoneSimulator.ActiveCfg = Release|Any CPU
		{FFEA01C3-36FF-4E83-A964-316A80C0C2D1}.Release|iPhoneSimulator.Build.0 = Release|Any CPU
		{FFEA01C3-36FF-4E83-A964-316A80C0C2D1}.Release|x64.ActiveCfg = Release|Any CPU
		{FFEA01C3-36FF-4E83-A964-316A80C0C2D1}.Release|x64.Build.0 = Release|Any CPU
		{FFEA01C3-36FF-4E83-A964-316A80C0C2D1}.Release|x86.ActiveCfg = Release|Any CPU
		{FFEA01C3-36FF-4E83-A964-316A80C0C2D1}.Release|x86.Build.0 = Release|Any CPU
		{23DB08E4-5DC7-48C8-B877-1C03900146C8}.Debug|Any CPU.ActiveCfg = Debug|Any CPU
		{23DB08E4-5DC7-48C8-B877-1C03900146C8}.Debug|Any CPU.Build.0 = Debug|Any CPU
		{23DB08E4-5DC7-48C8-B877-1C03900146C8}.Debug|ARM.ActiveCfg = Debug|Any CPU
		{23DB08E4-5DC7-48C8-B877-1C03900146C8}.Debug|ARM.Build.0 = Debug|Any CPU
		{23DB08E4-5DC7-48C8-B877-1C03900146C8}.Debug|ARM64.ActiveCfg = Debug|Any CPU
		{23DB08E4-5DC7-48C8-B877-1C03900146C8}.Debug|ARM64.Build.0 = Debug|Any CPU
		{23DB08E4-5DC7-48C8-B877-1C03900146C8}.Debug|iPhone.ActiveCfg = Debug|Any CPU
		{23DB08E4-5DC7-48C8-B877-1C03900146C8}.Debug|iPhone.Build.0 = Debug|Any CPU
		{23DB08E4-5DC7-48C8-B877-1C03900146C8}.Debug|iPhoneSimulator.ActiveCfg = Debug|Any CPU
		{23DB08E4-5DC7-48C8-B877-1C03900146C8}.Debug|iPhoneSimulator.Build.0 = Debug|Any CPU
		{23DB08E4-5DC7-48C8-B877-1C03900146C8}.Debug|x64.ActiveCfg = Debug|Any CPU
		{23DB08E4-5DC7-48C8-B877-1C03900146C8}.Debug|x64.Build.0 = Debug|Any CPU
		{23DB08E4-5DC7-48C8-B877-1C03900146C8}.Debug|x86.ActiveCfg = Debug|Any CPU
		{23DB08E4-5DC7-48C8-B877-1C03900146C8}.Debug|x86.Build.0 = Debug|Any CPU
		{23DB08E4-5DC7-48C8-B877-1C03900146C8}.Release|Any CPU.ActiveCfg = Release|Any CPU
		{23DB08E4-5DC7-48C8-B877-1C03900146C8}.Release|Any CPU.Build.0 = Release|Any CPU
		{23DB08E4-5DC7-48C8-B877-1C03900146C8}.Release|ARM.ActiveCfg = Release|Any CPU
		{23DB08E4-5DC7-48C8-B877-1C03900146C8}.Release|ARM.Build.0 = Release|Any CPU
		{23DB08E4-5DC7-48C8-B877-1C03900146C8}.Release|ARM64.ActiveCfg = Release|Any CPU
		{23DB08E4-5DC7-48C8-B877-1C03900146C8}.Release|ARM64.Build.0 = Release|Any CPU
		{23DB08E4-5DC7-48C8-B877-1C03900146C8}.Release|iPhone.ActiveCfg = Release|Any CPU
		{23DB08E4-5DC7-48C8-B877-1C03900146C8}.Release|iPhone.Build.0 = Release|Any CPU
		{23DB08E4-5DC7-48C8-B877-1C03900146C8}.Release|iPhoneSimulator.ActiveCfg = Release|Any CPU
		{23DB08E4-5DC7-48C8-B877-1C03900146C8}.Release|iPhoneSimulator.Build.0 = Release|Any CPU
		{23DB08E4-5DC7-48C8-B877-1C03900146C8}.Release|x64.ActiveCfg = Release|Any CPU
		{23DB08E4-5DC7-48C8-B877-1C03900146C8}.Release|x64.Build.0 = Release|Any CPU
		{23DB08E4-5DC7-48C8-B877-1C03900146C8}.Release|x86.ActiveCfg = Release|Any CPU
		{23DB08E4-5DC7-48C8-B877-1C03900146C8}.Release|x86.Build.0 = Release|Any CPU
		{0428D576-2277-456E-95F0-24B3F0FD81BA}.Debug|Any CPU.ActiveCfg = Debug|x86
		{0428D576-2277-456E-95F0-24B3F0FD81BA}.Debug|Any CPU.Build.0 = Debug|x86
		{0428D576-2277-456E-95F0-24B3F0FD81BA}.Debug|Any CPU.Deploy.0 = Debug|x86
		{0428D576-2277-456E-95F0-24B3F0FD81BA}.Debug|ARM.ActiveCfg = Debug|ARM
		{0428D576-2277-456E-95F0-24B3F0FD81BA}.Debug|ARM.Build.0 = Debug|ARM
		{0428D576-2277-456E-95F0-24B3F0FD81BA}.Debug|ARM.Deploy.0 = Debug|ARM
		{0428D576-2277-456E-95F0-24B3F0FD81BA}.Debug|ARM64.ActiveCfg = Debug|ARM64
		{0428D576-2277-456E-95F0-24B3F0FD81BA}.Debug|ARM64.Build.0 = Debug|ARM64
		{0428D576-2277-456E-95F0-24B3F0FD81BA}.Debug|ARM64.Deploy.0 = Debug|ARM64
		{0428D576-2277-456E-95F0-24B3F0FD81BA}.Debug|iPhone.ActiveCfg = Debug|x86
		{0428D576-2277-456E-95F0-24B3F0FD81BA}.Debug|iPhoneSimulator.ActiveCfg = Debug|x86
		{0428D576-2277-456E-95F0-24B3F0FD81BA}.Debug|x64.ActiveCfg = Debug|x64
		{0428D576-2277-456E-95F0-24B3F0FD81BA}.Debug|x64.Build.0 = Debug|x64
		{0428D576-2277-456E-95F0-24B3F0FD81BA}.Debug|x64.Deploy.0 = Debug|x64
		{0428D576-2277-456E-95F0-24B3F0FD81BA}.Debug|x86.ActiveCfg = Debug|x86
		{0428D576-2277-456E-95F0-24B3F0FD81BA}.Debug|x86.Build.0 = Debug|x86
		{0428D576-2277-456E-95F0-24B3F0FD81BA}.Debug|x86.Deploy.0 = Debug|x86
		{0428D576-2277-456E-95F0-24B3F0FD81BA}.Release|Any CPU.ActiveCfg = Release|x86
		{0428D576-2277-456E-95F0-24B3F0FD81BA}.Release|ARM.ActiveCfg = Release|ARM
		{0428D576-2277-456E-95F0-24B3F0FD81BA}.Release|ARM.Build.0 = Release|ARM
		{0428D576-2277-456E-95F0-24B3F0FD81BA}.Release|ARM.Deploy.0 = Release|ARM
		{0428D576-2277-456E-95F0-24B3F0FD81BA}.Release|ARM64.ActiveCfg = Release|ARM64
		{0428D576-2277-456E-95F0-24B3F0FD81BA}.Release|ARM64.Build.0 = Release|ARM64
		{0428D576-2277-456E-95F0-24B3F0FD81BA}.Release|ARM64.Deploy.0 = Release|ARM64
		{0428D576-2277-456E-95F0-24B3F0FD81BA}.Release|iPhone.ActiveCfg = Release|x86
		{0428D576-2277-456E-95F0-24B3F0FD81BA}.Release|iPhoneSimulator.ActiveCfg = Release|x86
		{0428D576-2277-456E-95F0-24B3F0FD81BA}.Release|x64.ActiveCfg = Release|x64
		{0428D576-2277-456E-95F0-24B3F0FD81BA}.Release|x64.Build.0 = Release|x64
		{0428D576-2277-456E-95F0-24B3F0FD81BA}.Release|x64.Deploy.0 = Release|x64
		{0428D576-2277-456E-95F0-24B3F0FD81BA}.Release|x86.ActiveCfg = Release|x86
		{0428D576-2277-456E-95F0-24B3F0FD81BA}.Release|x86.Build.0 = Release|x86
		{0428D576-2277-456E-95F0-24B3F0FD81BA}.Release|x86.Deploy.0 = Release|x86
		{11863408-629A-426F-B0C1-B90414CFAB9F}.Debug|Any CPU.ActiveCfg = Debug|Any CPU
		{11863408-629A-426F-B0C1-B90414CFAB9F}.Debug|Any CPU.Build.0 = Debug|Any CPU
		{11863408-629A-426F-B0C1-B90414CFAB9F}.Debug|ARM.ActiveCfg = Debug|Any CPU
		{11863408-629A-426F-B0C1-B90414CFAB9F}.Debug|ARM.Build.0 = Debug|Any CPU
		{11863408-629A-426F-B0C1-B90414CFAB9F}.Debug|ARM64.ActiveCfg = Debug|Any CPU
		{11863408-629A-426F-B0C1-B90414CFAB9F}.Debug|ARM64.Build.0 = Debug|Any CPU
		{11863408-629A-426F-B0C1-B90414CFAB9F}.Debug|iPhone.ActiveCfg = Debug|Any CPU
		{11863408-629A-426F-B0C1-B90414CFAB9F}.Debug|iPhone.Build.0 = Debug|Any CPU
		{11863408-629A-426F-B0C1-B90414CFAB9F}.Debug|iPhoneSimulator.ActiveCfg = Debug|Any CPU
		{11863408-629A-426F-B0C1-B90414CFAB9F}.Debug|iPhoneSimulator.Build.0 = Debug|Any CPU
		{11863408-629A-426F-B0C1-B90414CFAB9F}.Debug|x64.ActiveCfg = Debug|Any CPU
		{11863408-629A-426F-B0C1-B90414CFAB9F}.Debug|x64.Build.0 = Debug|Any CPU
		{11863408-629A-426F-B0C1-B90414CFAB9F}.Debug|x86.ActiveCfg = Debug|Any CPU
		{11863408-629A-426F-B0C1-B90414CFAB9F}.Debug|x86.Build.0 = Debug|Any CPU
		{11863408-629A-426F-B0C1-B90414CFAB9F}.Release|Any CPU.ActiveCfg = Release|Any CPU
		{11863408-629A-426F-B0C1-B90414CFAB9F}.Release|Any CPU.Build.0 = Release|Any CPU
		{11863408-629A-426F-B0C1-B90414CFAB9F}.Release|ARM.ActiveCfg = Release|Any CPU
		{11863408-629A-426F-B0C1-B90414CFAB9F}.Release|ARM.Build.0 = Release|Any CPU
		{11863408-629A-426F-B0C1-B90414CFAB9F}.Release|ARM64.ActiveCfg = Release|Any CPU
		{11863408-629A-426F-B0C1-B90414CFAB9F}.Release|ARM64.Build.0 = Release|Any CPU
		{11863408-629A-426F-B0C1-B90414CFAB9F}.Release|iPhone.ActiveCfg = Release|Any CPU
		{11863408-629A-426F-B0C1-B90414CFAB9F}.Release|iPhone.Build.0 = Release|Any CPU
		{11863408-629A-426F-B0C1-B90414CFAB9F}.Release|iPhoneSimulator.ActiveCfg = Release|Any CPU
		{11863408-629A-426F-B0C1-B90414CFAB9F}.Release|iPhoneSimulator.Build.0 = Release|Any CPU
		{11863408-629A-426F-B0C1-B90414CFAB9F}.Release|x64.ActiveCfg = Release|Any CPU
		{11863408-629A-426F-B0C1-B90414CFAB9F}.Release|x64.Build.0 = Release|Any CPU
		{11863408-629A-426F-B0C1-B90414CFAB9F}.Release|x86.ActiveCfg = Release|Any CPU
		{11863408-629A-426F-B0C1-B90414CFAB9F}.Release|x86.Build.0 = Release|Any CPU
	EndGlobalSection
	GlobalSection(SolutionProperties) = preSolution
		HideSolutionNode = FALSE
	EndGlobalSection
	GlobalSection(NestedProjects) = preSolution
		{A0394B14-3E67-409F-850C-C63541341B01} = {27826693-7F7E-41EC-8676-42F84C8931D0}
		{3A224F40-1524-4A96-AF79-C197E382EF19} = {27826693-7F7E-41EC-8676-42F84C8931D0}
		{9D2E14BC-1FA3-400B-8345-41D8B90334E2} = {27826693-7F7E-41EC-8676-42F84C8931D0}
		{E6285AFF-138B-4513-A5FD-93742F7AED62} = {BC1A5396-3A78-44C6-942E-C15D701E031E}
		{4119B139-9C7A-4049-B86B-E75EFF8B754C} = {56A51795-B524-4BA9-AF41-41E4106618C1}
		{FFEA01C3-36FF-4E83-A964-316A80C0C2D1} = {56A51795-B524-4BA9-AF41-41E4106618C1}
		{23DB08E4-5DC7-48C8-B877-1C03900146C8} = {56A51795-B524-4BA9-AF41-41E4106618C1}
		{0428D576-2277-456E-95F0-24B3F0FD81BA} = {27826693-7F7E-41EC-8676-42F84C8931D0}
		{11863408-629A-426F-B0C1-B90414CFAB9F} = {27826693-7F7E-41EC-8676-42F84C8931D0}
	EndGlobalSection
	GlobalSection(ExtensibilityGlobals) = postSolution
		SolutionGuid = {69A9F0D2-11D4-4E30-8BEC-E5BCC1F33BDA}
	EndGlobalSection
EndGlobal
